// !$*UTF8*$!
{
	archiveVersion = 1;
	classes = {
	};
	objectVersion = 50;
	objects = {

/* Begin PBXBuildFile section */
		66A54B1B256019E7003BD0F1 /* AppDelegate.swift in Sources */ = {isa = PBXBuildFile; fileRef = 66A54B1A256019E7003BD0F1 /* AppDelegate.swift */; };
		66A54B1D256019E7003BD0F1 /* SceneDelegate.swift in Sources */ = {isa = PBXBuildFile; fileRef = 66A54B1C256019E7003BD0F1 /* SceneDelegate.swift */; };
		66A54B1F256019E7003BD0F1 /* ViewController.swift in Sources */ = {isa = PBXBuildFile; fileRef = 66A54B1E256019E7003BD0F1 /* ViewController.swift */; };
		66A54B22256019E7003BD0F1 /* Main.storyboard in Resources */ = {isa = PBXBuildFile; fileRef = 66A54B20256019E7003BD0F1 /* Main.storyboard */; };
		66A54B24256019E8003BD0F1 /* Assets.xcassets in Resources */ = {isa = PBXBuildFile; fileRef = 66A54B23256019E8003BD0F1 /* Assets.xcassets */; };
		66A54B27256019E8003BD0F1 /* LaunchScreen.storyboard in Resources */ = {isa = PBXBuildFile; fileRef = 66A54B25256019E8003BD0F1 /* LaunchScreen.storyboard */; };
		66A54D9A25611DC9003BD0F1 /* libgreetings.a in Frameworks */ = {isa = PBXBuildFile; fileRef = 66A54B39256117DB003BD0F1 /* libgreetings.a */; };
/* End PBXBuildFile section */

/* Begin PBXCopyFilesBuildPhase section */
		66A54D8C2561190A003BD0F1 /* CopyFiles */ = {
			isa = PBXCopyFilesBuildPhase;
			buildActionMask = 2147483647;
			dstPath = "";
			dstSubfolderSpec = 10;
			files = (
			);
			runOnlyForDeploymentPostprocessing = 0;
		};
/* End PBXCopyFilesBuildPhase section */

/* Begin PBXFileReference section */
		66A54B17256019E7003BD0F1 /* TestRust.app */ = {isa = PBXFileReference; explicitFileType = wrapper.application; includeInIndex = 0; path = TestRust.app; sourceTree = BUILT_PRODUCTS_DIR; };
		66A54B1A256019E7003BD0F1 /* AppDelegate.swift */ = {isa = PBXFileReference; lastKnownFileType = sourcecode.swift; path = AppDelegate.swift; sourceTree = "<group>"; };
		66A54B1C256019E7003BD0F1 /* SceneDelegate.swift */ = {isa = PBXFileReference; lastKnownFileType = sourcecode.swift; path = SceneDelegate.swift; sourceTree = "<group>"; };
		66A54B1E256019E7003BD0F1 /* ViewController.swift */ = {isa = PBXFileReference; lastKnownFileType = sourcecode.swift; path = ViewController.swift; sourceTree = "<group>"; };
		66A54B21256019E7003BD0F1 /* Base */ = {isa = PBXFileReference; lastKnownFileType = file.storyboard; name = Base; path = Base.lproj/Main.storyboard; sourceTree = "<group>"; };
		66A54B23256019E8003BD0F1 /* Assets.xcassets */ = {isa = PBXFileReference; lastKnownFileType = folder.assetcatalog; path = Assets.xcassets; sourceTree = "<group>"; };
		66A54B26256019E8003BD0F1 /* Base */ = {isa = PBXFileReference; lastKnownFileType = file.storyboard; name = Base; path = Base.lproj/LaunchScreen.storyboard; sourceTree = "<group>"; };
		66A54B28256019E8003BD0F1 /* Info.plist */ = {isa = PBXFileReference; lastKnownFileType = text.plist.xml; path = Info.plist; sourceTree = "<group>"; };
		66A54B312561172C003BD0F1 /* TestRust-Bridging-Header.h */ = {isa = PBXFileReference; lastKnownFileType = sourcecode.c.h; path = "TestRust-Bridging-Header.h"; sourceTree = "<group>"; };
		66A54B39256117DB003BD0F1 /* libgreetings.a */ = {isa = PBXFileReference; lastKnownFileType = archive.ar; name = libgreetings.a; path = rust/target/universal/release/libgreetings.a; sourceTree = "<group>"; };
		66A54D89256118E3003BD0F1 /* libresolv.tbd */ = {isa = PBXFileReference; lastKnownFileType = "sourcecode.text-based-dylib-definition"; name = libresolv.tbd; path = usr/lib/libresolv.tbd; sourceTree = SDKROOT; };
		66A54D9B25611E0C003BD0F1 /* greetings.h */ = {isa = PBXFileReference; lastKnownFileType = sourcecode.c.h; path = greetings.h; sourceTree = "<group>"; };
/* End PBXFileReference section */

/* Begin PBXFrameworksBuildPhase section */
		66A54B14256019E7003BD0F1 /* Frameworks */ = {
			isa = PBXFrameworksBuildPhase;
			buildActionMask = 2147483647;
			files = (
				66A54D9A25611DC9003BD0F1 /* libgreetings.a in Frameworks */,
			);
			runOnlyForDeploymentPostprocessing = 0;
		};
/* End PBXFrameworksBuildPhase section */

/* Begin PBXGroup section */
		66A54B0E256019E7003BD0F1 = {
			isa = PBXGroup;
			children = (
				66A54B19256019E7003BD0F1 /* TestRust */,
				66A54B18256019E7003BD0F1 /* Products */,
				66A54B38256117DB003BD0F1 /* Frameworks */,
			);
			sourceTree = "<group>";
		};
		66A54B18256019E7003BD0F1 /* Products */ = {
			isa = PBXGroup;
			children = (
				66A54B17256019E7003BD0F1 /* TestRust.app */,
			);
			name = Products;
			sourceTree = "<group>";
		};
		66A54B19256019E7003BD0F1 /* TestRust */ = {
			isa = PBXGroup;
			children = (
				66A54B1A256019E7003BD0F1 /* AppDelegate.swift */,
				66A54B1C256019E7003BD0F1 /* SceneDelegate.swift */,
				66A54B1E256019E7003BD0F1 /* ViewController.swift */,
				66A54B20256019E7003BD0F1 /* Main.storyboard */,
				66A54B23256019E8003BD0F1 /* Assets.xcassets */,
				66A54B25256019E8003BD0F1 /* LaunchScreen.storyboard */,
				66A54D9B25611E0C003BD0F1 /* greetings.h */,
				66A54B312561172C003BD0F1 /* TestRust-Bridging-Header.h */,
				66A54B28256019E8003BD0F1 /* Info.plist */,
			);
			path = TestRust;
			sourceTree = "<group>";
		};
		66A54B38256117DB003BD0F1 /* Frameworks */ = {
			isa = PBXGroup;
			children = (
				66A54D89256118E3003BD0F1 /* libresolv.tbd */,
				66A54B39256117DB003BD0F1 /* libgreetings.a */,
			);
			name = Frameworks;
			sourceTree = "<group>";
		};
/* End PBXGroup section */

/* Begin PBXNativeTarget section */
		66A54B16256019E7003BD0F1 /* TestRust */ = {
			isa = PBXNativeTarget;
			buildConfigurationList = 66A54B2B256019E8003BD0F1 /* Build configuration list for PBXNativeTarget "TestRust" */;
			buildPhases = (
				66A54B13256019E7003BD0F1 /* Sources */,
				66A54B14256019E7003BD0F1 /* Frameworks */,
				66A54B15256019E7003BD0F1 /* Resources */,
				66A54D8C2561190A003BD0F1 /* CopyFiles */,
			);
			buildRules = (
			);
			dependencies = (
			);
			name = TestRust;
			productName = TestRust;
			productReference = 66A54B17256019E7003BD0F1 /* TestRust.app */;
			productType = "com.apple.product-type.application";
		};
/* End PBXNativeTarget section */

/* Begin PBXProject section */
		66A54B0F256019E7003BD0F1 /* Project object */ = {
			isa = PBXProject;
			attributes = {
				LastSwiftUpdateCheck = 1210;
				LastUpgradeCheck = 1210;
				TargetAttributes = {
					66A54B16256019E7003BD0F1 = {
						CreatedOnToolsVersion = 12.1;
						LastSwiftMigration = 1210;
					};
				};
			};
			buildConfigurationList = 66A54B12256019E7003BD0F1 /* Build configuration list for PBXProject "TestRust" */;
			compatibilityVersion = "Xcode 9.3";
			developmentRegion = en;
			hasScannedForEncodings = 0;
			knownRegions = (
				en,
				Base,
			);
			mainGroup = 66A54B0E256019E7003BD0F1;
			productRefGroup = 66A54B18256019E7003BD0F1 /* Products */;
			projectDirPath = "";
			projectRoot = "";
			targets = (
				66A54B16256019E7003BD0F1 /* TestRust */,
			);
		};
/* End PBXProject section */

/* Begin PBXResourcesBuildPhase section */
		66A54B15256019E7003BD0F1 /* Resources */ = {
			isa = PBXResourcesBuildPhase;
			buildActionMask = 2147483647;
			files = (
				66A54B27256019E8003BD0F1 /* LaunchScreen.storyboard in Resources */,
				66A54B24256019E8003BD0F1 /* Assets.xcassets in Resources */,
				66A54B22256019E7003BD0F1 /* Main.storyboard in Resources */,
			);
			runOnlyForDeploymentPostprocessing = 0;
		};
/* End PBXResourcesBuildPhase section */

/* Begin PBXSourcesBuildPhase section */
		66A54B13256019E7003BD0F1 /* Sources */ = {
			isa = PBXSourcesBuildPhase;
			buildActionMask = 2147483647;
			files = (
				66A54B1F256019E7003BD0F1 /* ViewController.swift in Sources */,
				66A54B1B256019E7003BD0F1 /* AppDelegate.swift in Sources */,
				66A54B1D256019E7003BD0F1 /* SceneDelegate.swift in Sources */,
			);
			runOnlyForDeploymentPostprocessing = 0;
		};
/* End PBXSourcesBuildPhase section */

/* Begin PBXVariantGroup section */
		66A54B20256019E7003BD0F1 /* Main.storyboard */ = {
			isa = PBXVariantGroup;
			children = (
				66A54B21256019E7003BD0F1 /* Base */,
			);
			name = Main.storyboard;
			sourceTree = "<group>";
		};
		66A54B25256019E8003BD0F1 /* LaunchScreen.storyboard */ = {
			isa = PBXVariantGroup;
			children = (
				66A54B26256019E8003BD0F1 /* Base */,
			);
			name = LaunchScreen.storyboard;
			sourceTree = "<group>";
		};
/* End PBXVariantGroup section */

/* Begin XCBuildConfiguration section */
		66A54B29256019E8003BD0F1 /* Debug */ = {
			isa = XCBuildConfiguration;
			buildSettings = {
				ALWAYS_SEARCH_USER_PATHS = NO;
				CLANG_ANALYZER_NONNULL = YES;
				CLANG_ANALYZER_NUMBER_OBJECT_CONVERSION = YES_AGGRESSIVE;
				CLANG_CXX_LANGUAGE_STANDARD = "gnu++14";
				CLANG_CXX_LIBRARY = "libc++";
				CLANG_ENABLE_MODULES = YES;
				CLANG_ENABLE_OBJC_ARC = YES;
				CLANG_ENABLE_OBJC_WEAK = YES;
				CLANG_WARN_BLOCK_CAPTURE_AUTORELEASING = YES;
				CLANG_WARN_BOOL_CONVERSION = YES;
				CLANG_WARN_COMMA = YES;
				CLANG_WARN_CONSTANT_CONVERSION = YES;
				CLANG_WARN_DEPRECATED_OBJC_IMPLEMENTATIONS = YES;
				CLANG_WARN_DIRECT_OBJC_ISA_USAGE = YES_ERROR;
				CLANG_WARN_DOCUMENTATION_COMMENTS = YES;
				CLANG_WARN_EMPTY_BODY = YES;
				CLANG_WARN_ENUM_CONVERSION = YES;
				CLANG_WARN_INFINITE_RECURSION = YES;
				CLANG_WARN_INT_CONVERSION = YES;
				CLANG_WARN_NON_LITERAL_NULL_CONVERSION = YES;
				CLANG_WARN_OBJC_IMPLICIT_RETAIN_SELF = YES;
				CLANG_WARN_OBJC_LITERAL_CONVERSION = YES;
				CLANG_WARN_OBJC_ROOT_CLASS = YES_ERROR;
				CLANG_WARN_QUOTED_INCLUDE_IN_FRAMEWORK_HEADER = YES;
				CLANG_WARN_RANGE_LOOP_ANALYSIS = YES;
				CLANG_WARN_STRICT_PROTOTYPES = YES;
				CLANG_WARN_SUSPICIOUS_MOVE = YES;
				CLANG_WARN_UNGUARDED_AVAILABILITY = YES_AGGRESSIVE;
				CLANG_WARN_UNREACHABLE_CODE = YES;
				CLANG_WARN__DUPLICATE_METHOD_MATCH = YES;
				COPY_PHASE_STRIP = NO;
				DEBUG_INFORMATION_FORMAT = dwarf;
				ENABLE_STRICT_OBJC_MSGSEND = YES;
				ENABLE_TESTABILITY = YES;
				GCC_C_LANGUAGE_STANDARD = gnu11;
				GCC_DYNAMIC_NO_PIC = NO;
				GCC_NO_COMMON_BLOCKS = YES;
				GCC_OPTIMIZATION_LEVEL = 0;
				GCC_PREPROCESSOR_DEFINITIONS = (
					"DEBUG=1",
					"$(inherited)",
				);
				GCC_WARN_64_TO_32_BIT_CONVERSION = YES;
				GCC_WARN_ABOUT_RETURN_TYPE = YES_ERROR;
				GCC_WARN_UNDECLARED_SELECTOR = YES;
				GCC_WARN_UNINITIALIZED_AUTOS = YES_AGGRESSIVE;
				GCC_WARN_UNUSED_FUNCTION = YES;
				GCC_WARN_UNUSED_VARIABLE = YES;
				IPHONEOS_DEPLOYMENT_TARGET = 14.0;
				MTL_ENABLE_DEBUG_INFO = INCLUDE_SOURCE;
				MTL_FAST_MATH = YES;
				ONLY_ACTIVE_ARCH = YES;
				SDKROOT = iphoneos;
				SWIFT_ACTIVE_COMPILATION_CONDITIONS = DEBUG;
				SWIFT_OPTIMIZATION_LEVEL = "-Onone";
			};
			name = Debug;
		};
		66A54B2A256019E8003BD0F1 /* Release */ = {
			isa = XCBuildConfiguration;
			buildSettings = {
				ALWAYS_SEARCH_USER_PATHS = NO;
				CLANG_ANALYZER_NONNULL = YES;
				CLANG_ANALYZER_NUMBER_OBJECT_CONVERSION = YES_AGGRESSIVE;
				CLANG_CXX_LANGUAGE_STANDARD = "gnu++14";
				CLANG_CXX_LIBRARY = "libc++";
				CLANG_ENABLE_MODULES = YES;
				CLANG_ENABLE_OBJC_ARC = YES;
				CLANG_ENABLE_OBJC_WEAK = YES;
				CLANG_WARN_BLOCK_CAPTURE_AUTORELEASING = YES;
				CLANG_WARN_BOOL_CONVERSION = YES;
				CLANG_WARN_COMMA = YES;
				CLANG_WARN_CONSTANT_CONVERSION = YES;
				CLANG_WARN_DEPRECATED_OBJC_IMPLEMENTATIONS = YES;
				CLANG_WARN_DIRECT_OBJC_ISA_USAGE = YES_ERROR;
				CLANG_WARN_DOCUMENTATION_COMMENTS = YES;
				CLANG_WARN_EMPTY_BODY = YES;
				CLANG_WARN_ENUM_CONVERSION = YES;
				CLANG_WARN_INFINITE_RECURSION = YES;
				CLANG_WARN_INT_CONVERSION = YES;
				CLANG_WARN_NON_LITERAL_NULL_CONVERSION = YES;
				CLANG_WARN_OBJC_IMPLICIT_RETAIN_SELF = YES;
				CLANG_WARN_OBJC_LITERAL_CONVERSION = YES;
				CLANG_WARN_OBJC_ROOT_CLASS = YES_ERROR;
				CLANG_WARN_QUOTED_INCLUDE_IN_FRAMEWORK_HEADER = YES;
				CLANG_WARN_RANGE_LOOP_ANALYSIS = YES;
				CLANG_WARN_STRICT_PROTOTYPES = YES;
				CLANG_WARN_SUSPICIOUS_MOVE = YES;
				CLANG_WARN_UNGUARDED_AVAILABILITY = YES_AGGRESSIVE;
				CLANG_WARN_UNREACHABLE_CODE = YES;
				CLANG_WARN__DUPLICATE_METHOD_MATCH = YES;
				COPY_PHASE_STRIP = NO;
				DEBUG_INFORMATION_FORMAT = "dwarf-with-dsym";
				ENABLE_NS_ASSERTIONS = NO;
				ENABLE_STRICT_OBJC_MSGSEND = YES;
				GCC_C_LANGUAGE_STANDARD = gnu11;
				GCC_NO_COMMON_BLOCKS = YES;
				GCC_WARN_64_TO_32_BIT_CONVERSION = YES;
				GCC_WARN_ABOUT_RETURN_TYPE = YES_ERROR;
				GCC_WARN_UNDECLARED_SELECTOR = YES;
				GCC_WARN_UNINITIALIZED_AUTOS = YES_AGGRESSIVE;
				GCC_WARN_UNUSED_FUNCTION = YES;
				GCC_WARN_UNUSED_VARIABLE = YES;
				IPHONEOS_DEPLOYMENT_TARGET = 14.0;
				MTL_ENABLE_DEBUG_INFO = NO;
				MTL_FAST_MATH = YES;
				SDKROOT = iphoneos;
				SWIFT_COMPILATION_MODE = wholemodule;
				SWIFT_OPTIMIZATION_LEVEL = "-O";
				VALIDATE_PRODUCT = YES;
			};
			name = Release;
		};
		66A54B2C256019E8003BD0F1 /* Debug */ = {
			isa = XCBuildConfiguration;
			buildSettings = {
				ASSETCATALOG_COMPILER_APPICON_NAME = AppIcon;
				ASSETCATALOG_COMPILER_GLOBAL_ACCENT_COLOR_NAME = AccentColor;
				CLANG_ENABLE_MODULES = YES;
				CODE_SIGN_STYLE = Automatic;
				DEVELOPMENT_TEAM = 339P82ZNV5;
				INFOPLIST_FILE = TestRust/Info.plist;
				LD_RUNPATH_SEARCH_PATHS = (
					"$(inherited)",
					"@executable_path/Frameworks",
				);
				LIBRARY_SEARCH_PATHS = (
					"$(inherited)",
					"$(PROJECT_DIR)/rust/target/universal/release",
					"$(PROJECT_DIR)/rust\\ copy/target/universal/release",
					"$(PROJECT_DIR)/rust\\ copy/target/aarch64-apple-ios/release",
					"$(PROJECT_DIR)/rust\\ copy/target/aarch64-apple-ios/release/deps",
					"$(PROJECT_DIR)/rust\\ copy/target/aarch64-apple-ios/release/deps",
					"$(PROJECT_DIR)/rust\\ copy/target/aarch64-apple-ios/release/deps",
					"$(PROJECT_DIR)/rust\\ copy/target/aarch64-apple-ios/release/deps",
					"$(PROJECT_DIR)/rust\\ copy/target/aarch64-apple-ios/release",
					"$(PROJECT_DIR)/rust\\ copy/target/aarch64-apple-ios/release",
					"$(PROJECT_DIR)/rust\\ copy/target/aarch64-apple-ios/release",
					"$(PROJECT_DIR)/rust\\ copy/target/x86_64-apple-ios/release",
					"$(PROJECT_DIR)/rust\\ copy/target/x86_64-apple-ios/release/deps",
					"$(PROJECT_DIR)/rust\\ copy/target/x86_64-apple-ios/release/deps",
					"$(PROJECT_DIR)/rust\\ copy/target/x86_64-apple-ios/release/deps",
					"$(PROJECT_DIR)/rust\\ copy/target/x86_64-apple-ios/release/deps",
					"$(PROJECT_DIR)/rust\\ copy/target/x86_64-apple-ios/release",
					"$(PROJECT_DIR)/rust\\ copy/target/x86_64-apple-ios/release",
					"$(PROJECT_DIR)/rust\\ copy/target/x86_64-apple-ios/release",
					"$(PROJECT_DIR)/rust/target/aarch64-apple-ios/release",
					"$(PROJECT_DIR)/rust/target/aarch64-apple-ios/release/deps",
					"$(PROJECT_DIR)/rust/target/x86_64-apple-ios/release",
					"$(PROJECT_DIR)/rust/target/x86_64-apple-ios/release/deps",
					"$(PROJECT_DIR)/lib",
				);
				PRODUCT_BUNDLE_IDENTIFIER = "xyz.wonder-wonder.ios.TestRust";
				PRODUCT_NAME = "$(TARGET_NAME)";
				SWIFT_OBJC_BRIDGING_HEADER = "TestRust/TestRust-Bridging-Header.h";
				SWIFT_OPTIMIZATION_LEVEL = "-Onone";
				SWIFT_VERSION = 5.0;
				TARGETED_DEVICE_FAMILY = "1,2";
			};
			name = Debug;
		};
		66A54B2D256019E8003BD0F1 /* Release */ = {
			isa = XCBuildConfiguration;
			buildSettings = {
				ASSETCATALOG_COMPILER_APPICON_NAME = AppIcon;
				ASSETCATALOG_COMPILER_GLOBAL_ACCENT_COLOR_NAME = AccentColor;
				CLANG_ENABLE_MODULES = YES;
				CODE_SIGN_STYLE = Automatic;
				DEVELOPMENT_TEAM = 339P82ZNV5;
				INFOPLIST_FILE = TestRust/Info.plist;
				LD_RUNPATH_SEARCH_PATHS = (
					"$(inherited)",
					"@executable_path/Frameworks",
				);
				LIBRARY_SEARCH_PATHS = (
					"$(inherited)",
					"$(PROJECT_DIR)/rust/target/universal/release",
					"$(PROJECT_DIR)/rust\\ copy/target/universal/release",
					"$(PROJECT_DIR)/rust\\ copy/target/aarch64-apple-ios/release",
					"$(PROJECT_DIR)/rust\\ copy/target/aarch64-apple-ios/release/deps",
					"$(PROJECT_DIR)/rust\\ copy/target/aarch64-apple-ios/release/deps",
					"$(PROJECT_DIR)/rust\\ copy/target/aarch64-apple-ios/release/deps",
					"$(PROJECT_DIR)/rust\\ copy/target/aarch64-apple-ios/release/deps",
					"$(PROJECT_DIR)/rust\\ copy/target/aarch64-apple-ios/release",
					"$(PROJECT_DIR)/rust\\ copy/target/aarch64-apple-ios/release",
					"$(PROJECT_DIR)/rust\\ copy/target/aarch64-apple-ios/release",
					"$(PROJECT_DIR)/rust\\ copy/target/x86_64-apple-ios/release",
					"$(PROJECT_DIR)/rust\\ copy/target/x86_64-apple-ios/release/deps",
					"$(PROJECT_DIR)/rust\\ copy/target/x86_64-apple-ios/release/deps",
					"$(PROJECT_DIR)/rust\\ copy/target/x86_64-apple-ios/release/deps",
					"$(PROJECT_DIR)/rust\\ copy/target/x86_64-apple-ios/release/deps",
					"$(PROJECT_DIR)/rust\\ copy/target/x86_64-apple-ios/release",
					"$(PROJECT_DIR)/rust\\ copy/target/x86_64-apple-ios/release",
					"$(PROJECT_DIR)/rust\\ copy/target/x86_64-apple-ios/release",
					"$(PROJECT_DIR)/rust/target/aarch64-apple-ios/release",
					"$(PROJECT_DIR)/rust/target/aarch64-apple-ios/release/deps",
					"$(PROJECT_DIR)/rust/target/x86_64-apple-ios/release",
					"$(PROJECT_DIR)/rust/target/x86_64-apple-ios/release/deps",
					"$(PROJECT_DIR)/lib",
				);
				PRODUCT_BUNDLE_IDENTIFIER = "xyz.wonder-wonder.ios.TestRust";
				PRODUCT_NAME = "$(TARGET_NAME)";
				SWIFT_OBJC_BRIDGING_HEADER = "TestRust/TestRust-Bridging-Header.h";
				SWIFT_VERSION = 5.0;
				TARGETED_DEVICE_FAMILY = "1,2";
			};
			name = Release;
		};
/* End XCBuildConfiguration section */

/* Begin XCConfigurationList section */
		66A54B12256019E7003BD0F1 /* Build configuration list for PBXProject "TestRust" */ = {
			isa = XCConfigurationList;
			buildConfigurations = (
				66A54B29256019E8003BD0F1 /* Debug */,
				66A54B2A256019E8003BD0F1 /* Release */,
			);
			defaultConfigurationIsVisible = 0;
			defaultConfigurationName = Release;
		};
		66A54B2B256019E8003BD0F1 /* Build configuration list for PBXNativeTarget "TestRust" */ = {
			isa = XCConfigurationList;
			buildConfigurations = (
				66A54B2C256019E8003BD0F1 /* Debug */,
				66A54B2D256019E8003BD0F1 /* Release */,
			);
			defaultConfigurationIsVisible = 0;
			defaultConfigurationName = Release;
		};
/* End XCConfigurationList section */
	};
	rootObject = 66A54B0F256019E7003BD0F1 /* Project object */;
}
